
Microsoft Visual Studio Solution File, Format Version 12.00
# Visual Studio Version 17
VisualStudioVersion = 17.4.33110.190
MinimumVisualStudioVersion = 10.0.40219.1
Project("{2150E333-8FDC-42A3-9474-1A3956D46DE8}") = "src", "src", "{CBA2D560-7600-49ED-BE3C-2CD72968FF53}"
EndProject
Project("{2150E333-8FDC-42A3-9474-1A3956D46DE8}") = "tests", "tests", "{0D0EFD21-B449-4375-BACA-5A1BF9203115}"
EndProject
Project("{2150E333-8FDC-42A3-9474-1A3956D46DE8}") = "Backend", "Backend", "{668A91E8-CA32-4717-A6D3-9AF19E7C7441}"
EndProject
Project("{2150E333-8FDC-42A3-9474-1A3956D46DE8}") = "Shared", "Shared", "{6C3046E0-5435-4CE1-B64A-9C2EF535C312}"
EndProject
Project("{9A19103F-16F7-4668-BE54-9A1E7A4F7556}") = "CookBook.Comunication", "src\Shared\CookBook.Comunication\CookBook.Comunication.csproj", "{B9197ECE-D844-4ED6-A000-DDEB5FEEDEC8}"
EndProject
Project("{9A19103F-16F7-4668-BE54-9A1E7A4F7556}") = "CookBook.Exceptions", "src\Shared\CookBook.Exceptions\CookBook.Exceptions.csproj", "{9A7DFE3A-89FE-425D-8FFE-C87C73F38F2C}"
EndProject
Project("{9A19103F-16F7-4668-BE54-9A1E7A4F7556}") = "CookBook.Application", "src\Backend\CookBook.Application\CookBook.Application.csproj", "{C54A8F54-570B-40EE-B24F-860A624A0AA5}"
EndProject
Project("{9A19103F-16F7-4668-BE54-9A1E7A4F7556}") = "CookBook.Domain", "src\Backend\CookBook.Domain\CookBook.Domain.csproj", "{4601BE83-69C3-4479-BFA5-EF0960218B1C}"
EndProject
Project("{9A19103F-16F7-4668-BE54-9A1E7A4F7556}") = "CookBook.Infrastructure", "src\Backend\CookBook.Infrastructure\CookBook.Infrastructure.csproj", "{4E441FDA-B6EB-41F5-AFF9-4A85BE17743C}"
EndProject
Project("{9A19103F-16F7-4668-BE54-9A1E7A4F7556}") = "CookBook.Api", "src\Backend\CookBook.Api\CookBook.Api.csproj", "{B16468FC-C313-470E-9689-2685A65ABDC5}"
EndProject
Project("{9A19103F-16F7-4668-BE54-9A1E7A4F7556}") = "Validators.Test", "tests\Validators.Test\Validators.Test.csproj", "{41E3D868-117C-4E0F-A796-401BA828D565}"
EndProject
Project("{9A19103F-16F7-4668-BE54-9A1E7A4F7556}") = "UseCases.Test", "tests\UseCases.Test\UseCases.Test.csproj", "{2157E49B-49AB-4477-B448-8D58816119D3}"
EndProject
Project("{9A19103F-16F7-4668-BE54-9A1E7A4F7556}") = "WebApi.Test", "tests\WebApi.Test\WebApi.Test.csproj", "{3DEE7C3C-2237-4E0C-8918-BD802FF8A362}"
EndProject
Project("{FAE04EC0-301F-11D3-BF4B-00C04F79EFBC}") = "Tests.Utils", "tests\Tests.Utils\Tests.Utils.csproj", "{518EFFC5-ADF1-40E0-8B13-FBA37ED4FB6F}"
EndProject
Global
	GlobalSection(SolutionConfigurationPlatforms) = preSolution
		Debug|Any CPU = Debug|Any CPU
		Release|Any CPU = Release|Any CPU
	EndGlobalSection
	GlobalSection(ProjectConfigurationPlatforms) = postSolution
		{B9197ECE-D844-4ED6-A000-DDEB5FEEDEC8}.Debug|Any CPU.ActiveCfg = Debug|Any CPU
		{B9197ECE-D844-4ED6-A000-DDEB5FEEDEC8}.Debug|Any CPU.Build.0 = Debug|Any CPU
		{B9197ECE-D844-4ED6-A000-DDEB5FEEDEC8}.Release|Any CPU.ActiveCfg = Release|Any CPU
		{B9197ECE-D844-4ED6-A000-DDEB5FEEDEC8}.Release|Any CPU.Build.0 = Release|Any CPU
		{9A7DFE3A-89FE-425D-8FFE-C87C73F38F2C}.Debug|Any CPU.ActiveCfg = Debug|Any CPU
		{9A7DFE3A-89FE-425D-8FFE-C87C73F38F2C}.Debug|Any CPU.Build.0 = Debug|Any CPU
		{9A7DFE3A-89FE-425D-8FFE-C87C73F38F2C}.Release|Any CPU.ActiveCfg = Release|Any CPU
		{9A7DFE3A-89FE-425D-8FFE-C87C73F38F2C}.Release|Any CPU.Build.0 = Release|Any CPU
		{C54A8F54-570B-40EE-B24F-860A624A0AA5}.Debug|Any CPU.ActiveCfg = Debug|Any CPU
		{C54A8F54-570B-40EE-B24F-860A624A0AA5}.Debug|Any CPU.Build.0 = Debug|Any CPU
		{C54A8F54-570B-40EE-B24F-860A624A0AA5}.Release|Any CPU.ActiveCfg = Release|Any CPU
		{C54A8F54-570B-40EE-B24F-860A624A0AA5}.Release|Any CPU.Build.0 = Release|Any CPU
		{4601BE83-69C3-4479-BFA5-EF0960218B1C}.Debug|Any CPU.ActiveCfg = Debug|Any CPU
		{4601BE83-69C3-4479-BFA5-EF0960218B1C}.Debug|Any CPU.Build.0 = Debug|Any CPU
		{4601BE83-69C3-4479-BFA5-EF0960218B1C}.Release|Any CPU.ActiveCfg = Release|Any CPU
		{4601BE83-69C3-4479-BFA5-EF0960218B1C}.Release|Any CPU.Build.0 = Release|Any CPU
		{4E441FDA-B6EB-41F5-AFF9-4A85BE17743C}.Debug|Any CPU.ActiveCfg = Debug|Any CPU
		{4E441FDA-B6EB-41F5-AFF9-4A85BE17743C}.Debug|Any CPU.Build.0 = Debug|Any CPU
		{4E441FDA-B6EB-41F5-AFF9-4A85BE17743C}.Release|Any CPU.ActiveCfg = Release|Any CPU
		{4E441FDA-B6EB-41F5-AFF9-4A85BE17743C}.Release|Any CPU.Build.0 = Release|Any CPU
		{B16468FC-C313-470E-9689-2685A65ABDC5}.Debug|Any CPU.ActiveCfg = Debug|Any CPU
		{B16468FC-C313-470E-9689-2685A65ABDC5}.Debug|Any CPU.Build.0 = Debug|Any CPU
		{B16468FC-C313-470E-9689-2685A65ABDC5}.Release|Any CPU.ActiveCfg = Release|Any CPU
		{B16468FC-C313-470E-9689-2685A65ABDC5}.Release|Any CPU.Build.0 = Release|Any CPU
		{41E3D868-117C-4E0F-A796-401BA828D565}.Debug|Any CPU.ActiveCfg = Debug|Any CPU
		{41E3D868-117C-4E0F-A796-401BA828D565}.Debug|Any CPU.Build.0 = Debug|Any CPU
		{41E3D868-117C-4E0F-A796-401BA828D565}.Release|Any CPU.ActiveCfg = Release|Any CPU
		{41E3D868-117C-4E0F-A796-401BA828D565}.Release|Any CPU.Build.0 = Release|Any CPU
		{2157E49B-49AB-4477-B448-8D58816119D3}.Debug|Any CPU.ActiveCfg = Debug|Any CPU
		{2157E49B-49AB-4477-B448-8D58816119D3}.Debug|Any CPU.Build.0 = Debug|Any CPU
		{2157E49B-49AB-4477-B448-8D58816119D3}.Release|Any CPU.ActiveCfg = Release|Any CPU
		{2157E49B-49AB-4477-B448-8D58816119D3}.Release|Any CPU.Build.0 = Release|Any CPU
		{3DEE7C3C-2237-4E0C-8918-BD802FF8A362}.Debug|Any CPU.ActiveCfg = Debug|Any CPU
		{3DEE7C3C-2237-4E0C-8918-BD802FF8A362}.Debug|Any CPU.Build.0 = Debug|Any CPU
		{3DEE7C3C-2237-4E0C-8918-BD802FF8A362}.Release|Any CPU.ActiveCfg = Release|Any CPU
		{3DEE7C3C-2237-4E0C-8918-BD802FF8A362}.Release|Any CPU.Build.0 = Release|Any CPU
		{518EFFC5-ADF1-40E0-8B13-FBA37ED4FB6F}.Debug|Any CPU.ActiveCfg = Debug|Any CPU
		{518EFFC5-ADF1-40E0-8B13-FBA37ED4FB6F}.Debug|Any CPU.Build.0 = Debug|Any CPU
		{518EFFC5-ADF1-40E0-8B13-FBA37ED4FB6F}.Release|Any CPU.ActiveCfg = Release|Any CPU
		{518EFFC5-ADF1-40E0-8B13-FBA37ED4FB6F}.Release|Any CPU.Build.0 = Release|Any CPU
	EndGlobalSection
	GlobalSection(SolutionProperties) = preSolution
		HideSolutionNode = FALSE
	EndGlobalSection
	GlobalSection(NestedProjects) = preSolution
		{668A91E8-CA32-4717-A6D3-9AF19E7C7441} = {CBA2D560-7600-49ED-BE3C-2CD72968FF53}
		{6C3046E0-5435-4CE1-B64A-9C2EF535C312} = {CBA2D560-7600-49ED-BE3C-2CD72968FF53}
		{B9197ECE-D844-4ED6-A000-DDEB5FEEDEC8} = {6C3046E0-5435-4CE1-B64A-9C2EF535C312}
		{9A7DFE3A-89FE-425D-8FFE-C87C73F38F2C} = {6C3046E0-5435-4CE1-B64A-9C2EF535C312}
		{C54A8F54-570B-40EE-B24F-860A624A0AA5} = {668A91E8-CA32-4717-A6D3-9AF19E7C7441}
		{4601BE83-69C3-4479-BFA5-EF0960218B1C} = {668A91E8-CA32-4717-A6D3-9AF19E7C7441}
		{4E441FDA-B6EB-41F5-AFF9-4A85BE17743C} = {668A91E8-CA32-4717-A6D3-9AF19E7C7441}
		{B16468FC-C313-470E-9689-2685A65ABDC5} = {668A91E8-CA32-4717-A6D3-9AF19E7C7441}
		{41E3D868-117C-4E0F-A796-401BA828D565} = {0D0EFD21-B449-4375-BACA-5A1BF9203115}
		{2157E49B-49AB-4477-B448-8D58816119D3} = {0D0EFD21-B449-4375-BACA-5A1BF9203115}
		{3DEE7C3C-2237-4E0C-8918-BD802FF8A362} = {0D0EFD21-B449-4375-BACA-5A1BF9203115}
		{518EFFC5-ADF1-40E0-8B13-FBA37ED4FB6F} = {0D0EFD21-B449-4375-BACA-5A1BF9203115}
	EndGlobalSection
	GlobalSection(ExtensibilityGlobals) = postSolution
		SolutionGuid = {AE53F923-F6FD-4154-AF54-A4698392CA7F}
	EndGlobalSection
EndGlobal
