
Microsoft Visual Studio Solution File, Format Version 12.00
# Visual Studio Version 17
VisualStudioVersion = 17.4.33110.190
MinimumVisualStudioVersion = 10.0.40219.1
Project("{9A19103F-16F7-4668-BE54-9A1E7A4F7556}") = "Application", "Application\Application.csproj", "{1DBC21AE-9834-447E-B542-24DF8FC38350}"
EndProject
Project("{9A19103F-16F7-4668-BE54-9A1E7A4F7556}") = "Domain-Layer", "Domain-Layer\Domain-Layer.csproj", "{1DDAEA86-5CDD-404B-8A24-FE559FBE0608}"
EndProject
Project("{9A19103F-16F7-4668-BE54-9A1E7A4F7556}") = "Infra", "Infra\Infra.csproj", "{B3A55A90-2341-4027-BA87-1E07AFA03032}"
EndProject
Project("{9A19103F-16F7-4668-BE54-9A1E7A4F7556}") = "Service", "Service\Service.csproj", "{567D54A3-939D-40A7-85C1-D2C66628DC9A}"
EndProject
Global
	GlobalSection(SolutionConfigurationPlatforms) = preSolution
		Debug|Any CPU = Debug|Any CPU
		Release|Any CPU = Release|Any CPU
	EndGlobalSection
	GlobalSection(ProjectConfigurationPlatforms) = postSolution
		{1DBC21AE-9834-447E-B542-24DF8FC38350}.Debug|Any CPU.ActiveCfg = Debug|Any CPU
		{1DBC21AE-9834-447E-B542-24DF8FC38350}.Debug|Any CPU.Build.0 = Debug|Any CPU
		{1DBC21AE-9834-447E-B542-24DF8FC38350}.Release|Any CPU.ActiveCfg = Release|Any CPU
		{1DBC21AE-9834-447E-B542-24DF8FC38350}.Release|Any CPU.Build.0 = Release|Any CPU
		{1DDAEA86-5CDD-404B-8A24-FE559FBE0608}.Debug|Any CPU.ActiveCfg = Debug|Any CPU
		{1DDAEA86-5CDD-404B-8A24-FE559FBE0608}.Debug|Any CPU.Build.0 = Debug|Any CPU
		{1DDAEA86-5CDD-404B-8A24-FE559FBE0608}.Release|Any CPU.ActiveCfg = Release|Any CPU
		{1DDAEA86-5CDD-404B-8A24-FE559FBE0608}.Release|Any CPU.Build.0 = Release|Any CPU
		{B3A55A90-2341-4027-BA87-1E07AFA03032}.Debug|Any CPU.ActiveCfg = Debug|Any CPU
		{B3A55A90-2341-4027-BA87-1E07AFA03032}.Debug|Any CPU.Build.0 = Debug|Any CPU
		{B3A55A90-2341-4027-BA87-1E07AFA03032}.Release|Any CPU.ActiveCfg = Release|Any CPU
		{B3A55A90-2341-4027-BA87-1E07AFA03032}.Release|Any CPU.Build.0 = Release|Any CPU
		{567D54A3-939D-40A7-85C1-D2C66628DC9A}.Debug|Any CPU.ActiveCfg = Debug|Any CPU
		{567D54A3-939D-40A7-85C1-D2C66628DC9A}.Debug|Any CPU.Build.0 = Debug|Any CPU
		{567D54A3-939D-40A7-85C1-D2C66628DC9A}.Release|Any CPU.ActiveCfg = Release|Any CPU
		{567D54A3-939D-40A7-85C1-D2C66628DC9A}.Release|Any CPU.Build.0 = Release|Any CPU
	EndGlobalSection
	GlobalSection(SolutionProperties) = preSolution
		HideSolutionNode = FALSE
	EndGlobalSection
	GlobalSection(ExtensibilityGlobals) = postSolution
		SolutionGuid = {1A56AE53-38FB-4CF0-989F-4C160393D9F3}
	EndGlobalSection
EndGlobal
