
Microsoft Visual Studio Solution File, Format Version 12.00
# Visual Studio Version 17
VisualStudioVersion = 17.4.33110.190
MinimumVisualStudioVersion = 10.0.40219.1
Project("{2150E333-8FDC-42A3-9474-1A3956D46DE8}") = "1 - Application", "1 - Application", "{E6AF0C4A-9132-4DF5-9A23-270A815E4344}"
EndProject
Project("{2150E333-8FDC-42A3-9474-1A3956D46DE8}") = "2 - Domain", "2 - Domain", "{EFC8334E-4DD0-45E9-AB42-1737E620BDE1}"
EndProject
Project("{2150E333-8FDC-42A3-9474-1A3956D46DE8}") = "3 - Service", "3 - Service", "{C92C6D7B-CADD-48EC-BE16-3D49B8A081C8}"
EndProject
Project("{2150E333-8FDC-42A3-9474-1A3956D46DE8}") = "4 - Infra", "4 - Infra", "{7B51B981-1A47-49C8-A247-0E3F3E15B5BE}"
EndProject
Project("{2150E333-8FDC-42A3-9474-1A3956D46DE8}") = "4.1 - Data", "4.1 - Data", "{B8F15C0B-9C1D-4ABF-A446-E03A6E0102B1}"
EndProject
Project("{2150E333-8FDC-42A3-9474-1A3956D46DE8}") = "4.2 - CrossCutting", "4.2 - CrossCutting", "{68704281-4177-4ABA-A079-18324DCB994E}"
EndProject
Project("{FAE04EC0-301F-11D3-BF4B-00C04F79EFBC}") = "Application", "Application\Application.csproj", "{1CD9D359-0CCF-43FE-9A9F-0A00C28E55B9}"
EndProject
Global
	GlobalSection(SolutionConfigurationPlatforms) = preSolution
		Debug|Any CPU = Debug|Any CPU
		Release|Any CPU = Release|Any CPU
	EndGlobalSection
	GlobalSection(ProjectConfigurationPlatforms) = postSolution
		{1CD9D359-0CCF-43FE-9A9F-0A00C28E55B9}.Debug|Any CPU.ActiveCfg = Debug|Any CPU
		{1CD9D359-0CCF-43FE-9A9F-0A00C28E55B9}.Debug|Any CPU.Build.0 = Debug|Any CPU
		{1CD9D359-0CCF-43FE-9A9F-0A00C28E55B9}.Release|Any CPU.ActiveCfg = Release|Any CPU
		{1CD9D359-0CCF-43FE-9A9F-0A00C28E55B9}.Release|Any CPU.Build.0 = Release|Any CPU
	EndGlobalSection
	GlobalSection(SolutionProperties) = preSolution
		HideSolutionNode = FALSE
	EndGlobalSection
	GlobalSection(NestedProjects) = preSolution
		{B8F15C0B-9C1D-4ABF-A446-E03A6E0102B1} = {7B51B981-1A47-49C8-A247-0E3F3E15B5BE}
		{68704281-4177-4ABA-A079-18324DCB994E} = {7B51B981-1A47-49C8-A247-0E3F3E15B5BE}
		{1CD9D359-0CCF-43FE-9A9F-0A00C28E55B9} = {E6AF0C4A-9132-4DF5-9A23-270A815E4344}
	EndGlobalSection
	GlobalSection(ExtensibilityGlobals) = postSolution
		SolutionGuid = {B9A60952-1E32-44EA-8319-279BA4A9E925}
	EndGlobalSection
EndGlobal
